[[package]]
category = "main"
description = "ASGI specs, helper code, and adapters"
name = "asgiref"
optional = false
python-versions = ">=3.5"
version = "3.3.1"

[package.extras]
tests = ["pytest", "pytest-asyncio"]

[[package]]
category = "main"
description = "A high-level Python Web framework that encourages rapid development and clean, pragmatic design."
name = "django"
optional = false
python-versions = ">=3.6"
version = "3.1.5"

[package.dependencies]
asgiref = ">=3.2.10,<4"
pytz = "*"
sqlparse = ">=0.2.2"

[package.extras]
argon2 = ["argon2-cffi (>=16.1.0)"]
bcrypt = ["bcrypt"]

[[package]]
category = "main"
description = "An automated slug field for Django."
name = "django-autoslug"
optional = false
python-versions = "*"
version = "1.9.8"

[package.extras]
cyrillic = ["pytils (>=0.2)"]
translitcodec = ["translitcodec (>=0.3)"]

[[package]]
category = "main"
description = "A configurable set of panels that display various debug information about the current request/response."
name = "django-debug-toolbar"
optional = false
python-versions = ">=3.6"
version = "3.2.1"

[package.dependencies]
Django = ">=2.2"
sqlparse = ">=0.2.0"

[[package]]
category = "main"
description = "Django model mixins and utilities"
name = "django-model-utils"
optional = false
python-versions = "*"
version = "4.1.1"

[package.dependencies]
Django = ">=2.0.1"

[[package]]
category = "main"
description = "Tweak the form field rendering in templates, not in python-level form definitions."
name = "django-widget-tweaks"
optional = false
python-versions = "*"
version = "1.4.8"

[[package]]
category = "main"
description = "Country-specific validation helpers, ported from Django Localflavor"
name = "localflavor"
optional = false
python-versions = "*"
version = "1.9"

[package.dependencies]
six = ">=1.11.0"

[[package]]
category = "main"
description = "World timezone definitions, modern and historical"
name = "pytz"
optional = false
python-versions = "*"
version = "2020.5"

[[package]]
category = "main"
description = "Python 2 and 3 compatibility utilities"
name = "six"
optional = false
python-versions = ">=2.7, !=3.0.*, !=3.1.*, !=3.2.*"
version = "1.16.0"

[[package]]
category = "main"
description = "A non-validating SQL parser."
name = "sqlparse"
optional = false
python-versions = ">=3.5"
version = "0.4.1"

[metadata]
content-hash = "106f92549234093b30e31e57a5cb1bc75d1cd684a1bb10dfe6c216240c503787"
python-versions = "^3.8"

[metadata.files]
asgiref = [
    {file = "asgiref-3.3.1-py3-none-any.whl", hash = "sha256:5ee950735509d04eb673bd7f7120f8fa1c9e2df495394992c73234d526907e17"},
    {file = "asgiref-3.3.1.tar.gz", hash = "sha256:7162a3cb30ab0609f1a4c95938fd73e8604f63bdba516a7f7d64b83ff09478f0"},
]
django = [
    {file = "Django-3.1.5-py3-none-any.whl", hash = "sha256:efa2ab96b33b20c2182db93147a0c3cd7769d418926f9e9f140a60dca7c64ca9"},
    {file = "Django-3.1.5.tar.gz", hash = "sha256:2d78425ba74c7a1a74b196058b261b9733a8570782f4e2828974777ccca7edf7"},
]
django-autoslug = [
    {file = "django-autoslug-1.9.8.tar.gz", hash = "sha256:bae66c27d35615f472865b99c4d107f3b3add3d22ee337e84960fc07694abd45"},
    {file = "django_autoslug-1.9.8-py2.py3-none-any.whl", hash = "sha256:26459eeddec207e307c55777a10fc25d17f4978753695340b16a17ed248a6f70"},
]
django-debug-toolbar = [
    {file = "django-debug-toolbar-3.2.1.tar.gz", hash = "sha256:a5ff2a54f24bf88286f9872836081078f4baa843dc3735ee88524e89f8821e33"},
    {file = "django_debug_toolbar-3.2.1-py3-none-any.whl", hash = "sha256:e759e63e3fe2d3110e0e519639c166816368701eab4a47fed75d7de7018467b9"},
]
django-model-utils = [
    {file = "django-model-utils-4.1.1.tar.gz", hash = "sha256:eb5dd05ef7d7ce6bc79cae54ea7c4a221f6f81e2aad7722933aee66489e7264b"},
    {file = "django_model_utils-4.1.1-py3-none-any.whl", hash = "sha256:ef7c440024e797796a3811432abdd2be8b5225ae64ef346f8bfc6de7d8e5d73c"},
]
django-widget-tweaks = [
    {file = "django-widget-tweaks-1.4.8.tar.gz", hash = "sha256:9f91ca4217199b7671971d3c1f323a2bec71a0c27dec6260b3c006fa541bc489"},
    {file = "django_widget_tweaks-1.4.8-py2.py3-none-any.whl", hash = "sha256:f80bff4a8a59b278bb277a405a76a8b9a884e4bae7a6c70e78a39c626cd1c836"},
]
localflavor = [
    {file = "localflavor-1.9-py3-none-any.whl", hash = "sha256:02820a541d5fd0317265b7bacbc6a30a19492decc97205620545e4ae8eb8689c"},
    {file = "localflavor-1.9.tar.gz", hash = "sha256:b051be69c778d02754be4a1c447d73107d80330e261e2eb77e17780e41e49272"},
]
pytz = [
    {file = "pytz-2020.5-py2.py3-none-any.whl", hash = "sha256:16962c5fb8db4a8f63a26646d8886e9d769b6c511543557bc84e9569fb9a9cb4"},
    {file = "pytz-2020.5.tar.gz", hash = "sha256:180befebb1927b16f6b57101720075a984c019ac16b1b7575673bea42c6c3da5"},
]
six = [
    {file = "six-1.16.0-py2.py3-none-any.whl", hash = "sha256:8abb2f1d86890a2dfb989f9a77cfcfd3e47c2a354b01111771326f8aa26e0254"},
    {file = "six-1.16.0.tar.gz", hash = "sha256:1e61c37477a1626458e36f7b1d82aa5c9b094fa4802892072e49de9c60c4c926"},
]
sqlparse = [
    {file = "sqlparse-0.4.1-py3-none-any.whl", hash = "sha256:017cde379adbd6a1f15a61873f43e8274179378e95ef3fede90b5aa64d304ed0"},
    {file = "sqlparse-0.4.1.tar.gz", hash = "sha256:0f91fd2e829c44362cbcfab3e9ae12e22badaa8a29ad5ff599f9ec109f0454e8"},
]
